{
  "name": "ts-project",
  "version": "1.0.0",
  "lockfileVersion": 1,
  "requires": true,
  "dependencies": {
    "@types/baidumap-web-sdk": {
      "version": "0.0.4",
      "resolved": "https://registry.npm.taobao.org/@types/baidumap-web-sdk/download/@types/baidumap-web-sdk-0.0.4.tgz",
      "integrity": "sha1-5LbzC9si4/I/tVXfyncLrquzz2Y="
    }
  }
}
